
Microsoft Visual Studio Solution File, Format Version 12.00
# Visual Studio Version 17
VisualStudioVersion = 17.8.34316.72
MinimumVisualStudioVersion = 10.0.40219.1
Project("{FAE04EC0-301F-11D3-BF4B-00C04F79EFBC}") = "TodoApp.WebAPI", "TodoApp.WebAPI.csproj", "{E35945D1-FA43-4352-8345-E87C00009C11}"
EndProject
Project("{FAE04EC0-301F-11D3-BF4B-00C04F79EFBC}") = "TodoApp.Domain", "..\TodoApp.Domain\TodoApp.Domain.csproj", "{FA25A7A3-9D0A-462D-9BAD-C82CDD14773F}"
EndProject
Project("{FAE04EC0-301F-11D3-BF4B-00C04F79EFBC}") = "TodoApp.Application", "..\TodoApp.Application\TodoApp.Application.csproj", "{CFC0700F-A01B-4049-A12F-C1582B6223D8}"
EndProject
Project("{FAE04EC0-301F-11D3-BF4B-00C04F79EFBC}") = "TodoApp.Infrastructure", "..\TodoApp.Infrastructure\TodoApp.Infrastructure.csproj", "{25A50134-785C-4C20-8871-1DA12C43B6B0}"
EndProject
Project("{FAE04EC0-301F-11D3-BF4B-00C04F79EFBC}") = "TodoApp.WebAPI.Tests", "..\TodoApp.Tests\TodoApp.WebAPI.Tests\TodoApp.WebAPI.Tests.csproj", "{37708605-3E79-4404-AB1B-47AABD90AC74}"
EndProject
Project("{2150E333-8FDC-42A3-9474-1A3956D46DE8}") = "Tests", "Tests", "{955B4432-3DC5-42D6-8168-EDD7CDE9EB6F}"
EndProject
Project("{FAE04EC0-301F-11D3-BF4B-00C04F79EFBC}") = "TodoApp.Application.Tests", "..\TodoApp.Tests\TodoApp.Application.Tests\TodoApp.Application.Tests.csproj", "{C84B25E1-22AD-497D-8BD2-DBBB7F2DAF48}"
EndProject
Project("{FAE04EC0-301F-11D3-BF4B-00C04F79EFBC}") = "TodoApp.Infrastructure.Tests", "..\TodoApp.Tests\TodoApp.Infrastructure.Tests\TodoApp.Infrastructure.Tests.csproj", "{5308EB41-D193-44C8-9B47-8EB8D3147786}"
EndProject
Global
	GlobalSection(SolutionConfigurationPlatforms) = preSolution
		Debug|Any CPU = Debug|Any CPU
		Release|Any CPU = Release|Any CPU
	EndGlobalSection
	GlobalSection(ProjectConfigurationPlatforms) = postSolution
		{E35945D1-FA43-4352-8345-E87C00009C11}.Debug|Any CPU.ActiveCfg = Debug|Any CPU
		{E35945D1-FA43-4352-8345-E87C00009C11}.Debug|Any CPU.Build.0 = Debug|Any CPU
		{E35945D1-FA43-4352-8345-E87C00009C11}.Release|Any CPU.ActiveCfg = Release|Any CPU
		{E35945D1-FA43-4352-8345-E87C00009C11}.Release|Any CPU.Build.0 = Release|Any CPU
		{FA25A7A3-9D0A-462D-9BAD-C82CDD14773F}.Debug|Any CPU.ActiveCfg = Debug|Any CPU
		{FA25A7A3-9D0A-462D-9BAD-C82CDD14773F}.Debug|Any CPU.Build.0 = Debug|Any CPU
		{FA25A7A3-9D0A-462D-9BAD-C82CDD14773F}.Release|Any CPU.ActiveCfg = Release|Any CPU
		{FA25A7A3-9D0A-462D-9BAD-C82CDD14773F}.Release|Any CPU.Build.0 = Release|Any CPU
		{CFC0700F-A01B-4049-A12F-C1582B6223D8}.Debug|Any CPU.ActiveCfg = Debug|Any CPU
		{CFC0700F-A01B-4049-A12F-C1582B6223D8}.Debug|Any CPU.Build.0 = Debug|Any CPU
		{CFC0700F-A01B-4049-A12F-C1582B6223D8}.Release|Any CPU.ActiveCfg = Release|Any CPU
		{CFC0700F-A01B-4049-A12F-C1582B6223D8}.Release|Any CPU.Build.0 = Release|Any CPU
		{25A50134-785C-4C20-8871-1DA12C43B6B0}.Debug|Any CPU.ActiveCfg = Debug|Any CPU
		{25A50134-785C-4C20-8871-1DA12C43B6B0}.Debug|Any CPU.Build.0 = Debug|Any CPU
		{25A50134-785C-4C20-8871-1DA12C43B6B0}.Release|Any CPU.ActiveCfg = Release|Any CPU
		{25A50134-785C-4C20-8871-1DA12C43B6B0}.Release|Any CPU.Build.0 = Release|Any CPU
		{37708605-3E79-4404-AB1B-47AABD90AC74}.Debug|Any CPU.ActiveCfg = Debug|Any CPU
		{37708605-3E79-4404-AB1B-47AABD90AC74}.Debug|Any CPU.Build.0 = Debug|Any CPU
		{37708605-3E79-4404-AB1B-47AABD90AC74}.Release|Any CPU.ActiveCfg = Release|Any CPU
		{37708605-3E79-4404-AB1B-47AABD90AC74}.Release|Any CPU.Build.0 = Release|Any CPU
		{C84B25E1-22AD-497D-8BD2-DBBB7F2DAF48}.Debug|Any CPU.ActiveCfg = Debug|Any CPU
		{C84B25E1-22AD-497D-8BD2-DBBB7F2DAF48}.Debug|Any CPU.Build.0 = Debug|Any CPU
		{C84B25E1-22AD-497D-8BD2-DBBB7F2DAF48}.Release|Any CPU.ActiveCfg = Release|Any CPU
		{C84B25E1-22AD-497D-8BD2-DBBB7F2DAF48}.Release|Any CPU.Build.0 = Release|Any CPU
		{5308EB41-D193-44C8-9B47-8EB8D3147786}.Debug|Any CPU.ActiveCfg = Debug|Any CPU
		{5308EB41-D193-44C8-9B47-8EB8D3147786}.Debug|Any CPU.Build.0 = Debug|Any CPU
		{5308EB41-D193-44C8-9B47-8EB8D3147786}.Release|Any CPU.ActiveCfg = Release|Any CPU
		{5308EB41-D193-44C8-9B47-8EB8D3147786}.Release|Any CPU.Build.0 = Release|Any CPU
	EndGlobalSection
	GlobalSection(SolutionProperties) = preSolution
		HideSolutionNode = FALSE
	EndGlobalSection
	GlobalSection(NestedProjects) = preSolution
		{37708605-3E79-4404-AB1B-47AABD90AC74} = {955B4432-3DC5-42D6-8168-EDD7CDE9EB6F}
		{C84B25E1-22AD-497D-8BD2-DBBB7F2DAF48} = {955B4432-3DC5-42D6-8168-EDD7CDE9EB6F}
		{5308EB41-D193-44C8-9B47-8EB8D3147786} = {955B4432-3DC5-42D6-8168-EDD7CDE9EB6F}
	EndGlobalSection
	GlobalSection(ExtensibilityGlobals) = postSolution
		SolutionGuid = {9E83EA43-B97D-414F-8C30-AE965ED14ECB}
	EndGlobalSection
EndGlobal
